
Microsoft Visual Studio Solution File, Format Version 12.00
# Visual Studio Version 16
VisualStudioVersion = 16.0.31624.102
MinimumVisualStudioVersion = 10.0.40219.1
Project("{8BC9CEB8-8B4A-11D0-8D11-00A0C91BC942}") = "hw1", "hw1\hw1.vcxproj", "{A350CB2A-0E55-4708-B8F0-00DBF4D86D4D}"
EndProject
Global
	GlobalSection(SolutionConfigurationPlatforms) = preSolution
		Debug|x64 = Debug|x64
		Debug|x86 = Debug|x86
		Release|x64 = Release|x64
		Release|x86 = Release|x86
	EndGlobalSection
	GlobalSection(ProjectConfigurationPlatforms) = postSolution
		{A350CB2A-0E55-4708-B8F0-00DBF4D86D4D}.Debug|x64.ActiveCfg = Debug|x64
		{A350CB2A-0E55-4708-B8F0-00DBF4D86D4D}.Debug|x64.Build.0 = Debug|x64
		{A350CB2A-0E55-4708-B8F0-00DBF4D86D4D}.Debug|x86.ActiveCfg = Debug|Win32
		{A350CB2A-0E55-4708-B8F0-00DBF4D86D4D}.Debug|x86.Build.0 = Debug|Win32
		{A350CB2A-0E55-4708-B8F0-00DBF4D86D4D}.Release|x64.ActiveCfg = Release|x64
		{A350CB2A-0E55-4708-B8F0-00DBF4D86D4D}.Release|x64.Build.0 = Release|x64
		{A350CB2A-0E55-4708-B8F0-00DBF4D86D4D}.Release|x86.ActiveCfg = Release|Win32
		{A350CB2A-0E55-4708-B8F0-00DBF4D86D4D}.Release|x86.Build.0 = Release|Win32
	EndGlobalSection
	GlobalSection(SolutionProperties) = preSolution
		HideSolutionNode = FALSE
	EndGlobalSection
	GlobalSection(ExtensibilityGlobals) = postSolution
		SolutionGuid = {113D8248-AF6B-4440-96C2-7C715F837FB4}
	EndGlobalSection
EndGlobal
